# THIS IS AN AUTOGENERATED FILE. DO NOT EDIT THIS FILE DIRECTLY.
# yarn lockfile v1


"@biomejs/biome@^2.0.0-beta.1":
  version "2.0.0-beta.1"
  resolved "https://registry.yarnpkg.com/@biomejs/biome/-/biome-2.0.0-beta.1.tgz#2a384db788831031a5c6b46a51306054bbfbbc46"
  integrity sha512-MqRoy9CbTkrS45zW+S4u8p4kQUIFx0mGUWi789W1R3b1kXYIudEqsTKgXKtTGsI0kWOlvnjuKqwTrabjaGchhQ==
  optionalDependencies:
    "@biomejs/cli-darwin-arm64" "2.0.0-beta.1"
    "@biomejs/cli-darwin-x64" "2.0.0-beta.1"
    "@biomejs/cli-linux-arm64" "2.0.0-beta.1"
    "@biomejs/cli-linux-arm64-musl" "2.0.0-beta.1"
    "@biomejs/cli-linux-x64" "2.0.0-beta.1"
    "@biomejs/cli-linux-x64-musl" "2.0.0-beta.1"
    "@biomejs/cli-win32-arm64" "2.0.0-beta.1"
    "@biomejs/cli-win32-x64" "2.0.0-beta.1"

"@biomejs/cli-darwin-arm64@2.0.0-beta.1":
  version "2.0.0-beta.1"
  resolved "https://registry.yarnpkg.com/@biomejs/cli-darwin-arm64/-/cli-darwin-arm64-2.0.0-beta.1.tgz#3651b621cd70bcc1afa39c8e530d6b9c32f7c328"
  integrity sha512-RaGmpNLl5NFooXaoCwvgvcuU6Am/rMZ3R48pQeCVxjrCcz1BIlKLTai5UosiedazW7JbXAvgXdSNizYG7ITlAQ==

"@biomejs/cli-darwin-x64@2.0.0-beta.1":
  version "2.0.0-beta.1"
  resolved "https://registry.yarnpkg.com/@biomejs/cli-darwin-x64/-/cli-darwin-x64-2.0.0-beta.1.tgz#05939bccd46e8188656c13059a1a4f2fac53c21b"
  integrity sha512-sTzSshkne7HKZFNfiIhmAji7gjtCBXvkTujZELCZWIZC7oj1Tjw/gvAzbdFj2UyHd5/i90pND4ybFOLQZm9gpg==

"@biomejs/cli-linux-arm64-musl@2.0.0-beta.1":
  version "2.0.0-beta.1"
  resolved "https://registry.yarnpkg.com/@biomejs/cli-linux-arm64-musl/-/cli-linux-arm64-musl-2.0.0-beta.1.tgz#db9be3882a705bfd2abf8dc4f9c5e871f79a8ebe"
  integrity sha512-0MPUKzz9uBBxAYSJ+OlFi4+yGwiRcZeFqq39H0MxXCQ9MMpKJFH2Ek72fw8sXwG7Prn7EsW/3u1b7najyn1XGQ==

"@biomejs/cli-linux-arm64@2.0.0-beta.1":
  version "2.0.0-beta.1"
  resolved "https://registry.yarnpkg.com/@biomejs/cli-linux-arm64/-/cli-linux-arm64-2.0.0-beta.1.tgz#cabe1bda2cbb4d1428db3060982c3fc00a555993"
  integrity sha512-bxce2O4nooBmp20Ey0+IFIZyy/b0RVnciIQk9euCfAi9evq7SvFtMBYo3YUZej0KIvrau5H7tJk5OqmRJk2l+g==

"@biomejs/cli-linux-x64-musl@2.0.0-beta.1":
  version "2.0.0-beta.1"
  resolved "https://registry.yarnpkg.com/@biomejs/cli-linux-x64-musl/-/cli-linux-x64-musl-2.0.0-beta.1.tgz#3e5638f86a9b4c8b2a125fe7aac816ec70ff6fcb"
  integrity sha512-dFvisnP1hFpVILNw0PZfs8piBwe8+aykO04Tb/4AJDVVzKkGgJfwSefwo4jqzO/Wk/Zruvhcp1nKbjgRXM+vDg==

"@biomejs/cli-linux-x64@2.0.0-beta.1":
  version "2.0.0-beta.1"
  resolved "https://registry.yarnpkg.com/@biomejs/cli-linux-x64/-/cli-linux-x64-2.0.0-beta.1.tgz#fa9957e415966f77fcfd267676eee58fb7bb0c64"
  integrity sha512-6P/AtJv4hOH8mu8ez0c4UInUpiet9NEoF25+O7OPyb4w6ZHJMp2qzvayJS7TKrTQzE5KUvSiNsACGRz34DzUkg==

"@biomejs/cli-win32-arm64@2.0.0-beta.1":
  version "2.0.0-beta.1"
  resolved "https://registry.yarnpkg.com/@biomejs/cli-win32-arm64/-/cli-win32-arm64-2.0.0-beta.1.tgz#d92ce928370524645a14dbb543e4c24c1b65c1e6"
  integrity sha512-0C9YSqWHf2cJGnjKDbLi49xv6H9IfqbDsFav7X557PqwY64O6IKWqcmZzi/PkDFHjQM9opU6uhKapeGKGDxziQ==

"@biomejs/cli-win32-x64@2.0.0-beta.1":
  version "2.0.0-beta.1"
  resolved "https://registry.yarnpkg.com/@biomejs/cli-win32-x64/-/cli-win32-x64-2.0.0-beta.1.tgz#0a64e0a355023b4cf40afb83439d1f95fd70bca4"
  integrity sha512-o8W6+DX0YRjt1kS8Y3ismq6EkjwiVDv7X0TEpfnFywoVG8HoJ7G7/m9r8LM1yE46WI3maPH2A0MoVpQ1ZNG++A==

typescript@^5.8.2:
  version "5.8.2"
  resolved "https://registry.yarnpkg.com/typescript/-/typescript-5.8.2.tgz#8170b3702f74b79db2e5a96207c15e65807999e4"
  integrity sha512-aJn6wq13/afZp/jT9QZmwEjDqqvSGp1VT5GVg+f/t6/oVyrgXM6BY1h9BRh/O5p3PlUPAe+WuiEZOmb/49RqoQ==
