# THIS IS AN AUTOGENERATED FILE. DO NOT EDIT THIS FILE DIRECTLY.
# yarn lockfile v1


"@biomejs/biome@^2.0.0-beta.3":
  version "2.0.0-beta.3"
  resolved "https://registry.yarnpkg.com/@biomejs/biome/-/biome-2.0.0-beta.3.tgz#fe13bd1a0d39478368a9e46e0900c547d27b927a"
  integrity sha512-KKvtP0iapIpmOpoljEITOcG7IPOn2HVUJxZOn4ULJbUsOlPEJcrKI0BwKZ/E1PeflxjaSfcKUxHhdB7bjBBPvg==
  optionalDependencies:
    "@biomejs/cli-darwin-arm64" "2.0.0-beta.3"
    "@biomejs/cli-darwin-x64" "2.0.0-beta.3"
    "@biomejs/cli-linux-arm64" "2.0.0-beta.3"
    "@biomejs/cli-linux-arm64-musl" "2.0.0-beta.3"
    "@biomejs/cli-linux-x64" "2.0.0-beta.3"
    "@biomejs/cli-linux-x64-musl" "2.0.0-beta.3"
    "@biomejs/cli-win32-arm64" "2.0.0-beta.3"
    "@biomejs/cli-win32-x64" "2.0.0-beta.3"

"@biomejs/cli-darwin-arm64@2.0.0-beta.3":
  version "2.0.0-beta.3"
  resolved "https://registry.yarnpkg.com/@biomejs/cli-darwin-arm64/-/cli-darwin-arm64-2.0.0-beta.3.tgz#9a0ff09e3b5a7a9d20668afc49d1951136f734f0"
  integrity sha512-UYeevewqg3YOnwGEPA4m6+lQQY+YiMeev4GufnurOxodl1QoYCdMosaBhlGlISBa/HwBDw9JQ10yjzsBF9GlTQ==

"@biomejs/cli-darwin-x64@2.0.0-beta.3":
  version "2.0.0-beta.3"
  resolved "https://registry.yarnpkg.com/@biomejs/cli-darwin-x64/-/cli-darwin-x64-2.0.0-beta.3.tgz#1254777f5522ae19b8eb31481abfdfd3b08fbbd4"
  integrity sha512-jANiFMTFq2Bgw1cySc6I4R1tZlkkY1Go5mdAQDXZIwAr+45TGKLzxiOKJdWTN8GGQ0KzOwJxjHZ5vV6vx1JxsA==

"@biomejs/cli-linux-arm64-musl@2.0.0-beta.3":
  version "2.0.0-beta.3"
  resolved "https://registry.yarnpkg.com/@biomejs/cli-linux-arm64-musl/-/cli-linux-arm64-musl-2.0.0-beta.3.tgz#1e4450ac39b9b910a5f47233d962f18f93440c16"
  integrity sha512-mOQ48zNYZ6A+0eQUyZlPwuLJdEPkUdaoOLnbL1Y9GbeQfvvQYGwohDTIfcHk7yUxSImB1pPyLpiguam0jymeOg==

"@biomejs/cli-linux-arm64@2.0.0-beta.3":
  version "2.0.0-beta.3"
  resolved "https://registry.yarnpkg.com/@biomejs/cli-linux-arm64/-/cli-linux-arm64-2.0.0-beta.3.tgz#942a18998a7aec539d55c2eb284ed466671ae16f"
  integrity sha512-KW4NLOW6n4YPEa4bVo4GPYBJpeIuFfxVd2tsyM+xjuGk8zmo4dkswPUxKN/qW/mh/98ISvdKsusKoSZ6M3kpLg==

"@biomejs/cli-linux-x64-musl@2.0.0-beta.3":
  version "2.0.0-beta.3"
  resolved "https://registry.yarnpkg.com/@biomejs/cli-linux-x64-musl/-/cli-linux-x64-musl-2.0.0-beta.3.tgz#d8262f780798fb218c2deb72be5691b39ad63548"
  integrity sha512-170/P0qpudpwZCP0U/lfU4cxjpDZwTUi/lSYKfAPyVQfnRX8P+1j+3hv4voaREBC1nenPdsIJ4daWb6BB7W2jQ==

"@biomejs/cli-linux-x64@2.0.0-beta.3":
  version "2.0.0-beta.3"
  resolved "https://registry.yarnpkg.com/@biomejs/cli-linux-x64/-/cli-linux-x64-2.0.0-beta.3.tgz#efe07bc5c7eda20c14f8e802a3f481274e3c1034"
  integrity sha512-oYtyC7oNpQ8+2uq3hEZGhYv/EtIuwMsv7OcL5cnFzrrzVEtaB6jh5jOlYkA+agovQRVv/bgWfP4FO6yIHskG8w==

"@biomejs/cli-win32-arm64@2.0.0-beta.3":
  version "2.0.0-beta.3"
  resolved "https://registry.yarnpkg.com/@biomejs/cli-win32-arm64/-/cli-win32-arm64-2.0.0-beta.3.tgz#1cd4575257946697cdff3ade86bcb644e6d03ce6"
  integrity sha512-+ed97qATUxuAJ+rrnwCqzJ+Xhn082NV5P00GyRyLDGXGxJYMvpWhSUJWW06VABDc9UftoowOop3xK43YfcJStA==

"@biomejs/cli-win32-x64@2.0.0-beta.3":
  version "2.0.0-beta.3"
  resolved "https://registry.yarnpkg.com/@biomejs/cli-win32-x64/-/cli-win32-x64-2.0.0-beta.3.tgz#7ea07cf5211bb31fa040df832b82085ef79e79de"
  integrity sha512-bKenWRtAayTZ+gaSXR7ySTtdC9LkDm1tiYMXNSCTA0D633hT2vNxdjsJ1uYQmehVvdqUkXJ+nrTLtrjWuS1mKA==

typescript@^5.8.3:
  version "5.8.3"
  resolved "https://registry.yarnpkg.com/typescript/-/typescript-5.8.3.tgz#92f8a3e5e3cf497356f4178c34cd65a7f5e8440e"
  integrity sha512-p1diW6TqL9L07nNxvRMM7hMMw4c5XOo/1ibL4aAIGmSAt9slTE1Xgw5KWuof2uTOvCg9BY7ZRi+GaF+7sfgPeQ==
